// !$*UTF8*$!
{
	archiveVersion = 1;
	classes = {
	};
	objectVersion = 77;
	objects = {

/* Begin PBXBuildFile section */
		02C93EA5D305801DD36D203F /* WorkspaceContracts.swift in Sources */ = {isa = PBXBuildFile; fileRef = 4212B1B2844F9B9576D273EE /* WorkspaceContracts.swift */; };
		05D5C8451674A226E9D523FB /* Workspace.swift in Sources */ = {isa = PBXBuildFile; fileRef = 99FFDC4F6FD0B1903F2D36A5 /* Workspace.swift */; };
		070E32D7009F6D1CA2143235 /* WorkspaceTests.swift in Sources */ = {isa = PBXBuildFile; fileRef = 0B183BFD720535FFD3B725B2 /* WorkspaceTests.swift */; };
		09041C9D26FB0103FCC39427 /* AppStateTests.swift in Sources */ = {isa = PBXBuildFile; fileRef = 2F710F7CDE141F9CF769FD50 /* AppStateTests.swift */; };
		0AF700832693B2283CA2347D /* PerformanceContract.swift in Sources */ = {isa = PBXBuildFile; fileRef = 1D301C5AAB68CEB1C9EC74CF /* PerformanceContract.swift */; };
		0FDD159AF9A98DCB0E69AF22 /* EditorView.swift in Sources */ = {isa = PBXBuildFile; fileRef = 46B8EF8E0B4F29519A3C6B0C /* EditorView.swift */; };
		11BC44C7B6D3E3CF51DA8628 /* Markdown in Frameworks */ = {isa = PBXBuildFile; productRef = C044D4083E6B063E4AC303C9 /* Markdown */; };
		16F147BD4310E09025D9DA10 /* everything.md in Resources */ = {isa = PBXBuildFile; fileRef = 9DAD4C82CA68E85065EE6902 /* everything.md */; };
		177D850130F8B5CF5DDA327B /* InterruptedMoveTransaction.swift in Sources */ = {isa = PBXBuildFile; fileRef = 18CEF38C646629B41A67466E /* InterruptedMoveTransaction.swift */; };
		1D1395BCFEEC234B73C148D4 /* DocumentExportCoordinator.swift in Sources */ = {isa = PBXBuildFile; fileRef = FF57D38B209B0C1D0D4218B6 /* DocumentExportCoordinator.swift */; };
		205FD4F4C223A05EEE99E768 /* DocumentContracts.swift in Sources */ = {isa = PBXBuildFile; fileRef = AE7E353A266B86026DEE626C /* DocumentContracts.swift */; };
		20C877383D541EEF1BB398BB /* EditorSession.swift in Sources */ = {isa = PBXBuildFile; fileRef = 4553B2CB1DCA7EB7A258A9B2 /* EditorSession.swift */; };
		20FD29D05435FE4A174206F6 /* IncrementalMarkdownHighlighter.swift in Sources */ = {isa = PBXBuildFile; fileRef = 0E40770D9DEED2B12DCDED8D /* IncrementalMarkdownHighlighter.swift */; };
		21CD26219348D2BA03F66678 /* MarkdownEditingTests.swift in Sources */ = {isa = PBXBuildFile; fileRef = 31DDB59E4E4182C33DEB7F33 /* MarkdownEditingTests.swift */; };
		23BD4A7ED7D332D9B3D3F7EA /* SourcePreservingMarkdownParser.swift in Sources */ = {isa = PBXBuildFile; fileRef = A8566EFD44C7B437E0AD0927 /* SourcePreservingMarkdownParser.swift */; };
		29090F847836C73AC9F002CF /* ExportPresentationTests.swift in Sources */ = {isa = PBXBuildFile; fileRef = 2575DE6C24F214FFF5CC901C /* ExportPresentationTests.swift */; };
		2D45DCB258BCD3DC679B3394 /* DocumentExportInstaller.swift in Sources */ = {isa = PBXBuildFile; fileRef = 7589BED9EAB979FF4A1763CC /* DocumentExportInstaller.swift */; };
		32735DE4C2542395166C6CE5 /* MarkdownIncrementalPolicy.swift in Sources */ = {isa = PBXBuildFile; fileRef = F54B83A850CC4078A10343AB /* MarkdownIncrementalPolicy.swift */; };
		3A5F94A9A852E19D40C00EA9 /* Document.swift in Sources */ = {isa = PBXBuildFile; fileRef = B6A196F47311421B310ECB36 /* Document.swift */; };
		3AE0DD1AA78700742E250DBF /* EditorCoordinator.swift in Sources */ = {isa = PBXBuildFile; fileRef = B58080E087A87572DF6CB1B2 /* EditorCoordinator.swift */; };
		41090E2C66D59999C757C21A /* ExportRecoveryCatalog.swift in Sources */ = {isa = PBXBuildFile; fileRef = F61BE8891D1969C564486470 /* ExportRecoveryCatalog.swift */; };
		41CC32D25466B5147C662557 /* ExportSupport.swift in Sources */ = {isa = PBXBuildFile; fileRef = 048AF2DBDC1BD728E99C7CB1 /* ExportSupport.swift */; };
		485F8D44A53A27E421EB4B27 /* MarkdownSource.swift in Sources */ = {isa = PBXBuildFile; fileRef = EFF899F1015754266E7E750C /* MarkdownSource.swift */; };
		4CA339FBB514DF4232B8123C /* MarkdownParserTests.swift in Sources */ = {isa = PBXBuildFile; fileRef = CE367A19CA5B87458595B6EF /* MarkdownParserTests.swift */; };
		5403D9FEC2130E342EF759EF /* Fonts in Resources */ = {isa = PBXBuildFile; fileRef = 2606EAA75DBB43ED79C5DFA6 /* Fonts */; };
		54F836C09DD8A891BAD18A8A /* blocks.md in Resources */ = {isa = PBXBuildFile; fileRef = 16AEB59F52D99D15598D4EAE /* blocks.md */; };
		59C57AFAAFAF9C5C299400E4 /* FocusDimmer.swift in Sources */ = {isa = PBXBuildFile; fileRef = 985FAA6974C83B5BD55EAAA2 /* FocusDimmer.swift */; };
		5C1FD83EC584C31AB9C29735 /* ExportRecoveryCatalogTests.swift in Sources */ = {isa = PBXBuildFile; fileRef = 03066127C645305A50AE45C2 /* ExportRecoveryCatalogTests.swift */; };
		5E3C69B7B757F8FC4D1895CB /* DocumentExportPresentation.swift in Sources */ = {isa = PBXBuildFile; fileRef = 1C4AF1B4E6D4EBBB35C7773B /* DocumentExportPresentation.swift */; };
		61B9B49EC681E11E143D6AE5 /* ThirdPartyNotices in Resources */ = {isa = PBXBuildFile; fileRef = 388EE481C48FC1C358F3BFFB /* ThirdPartyNotices */; };
		62B0FB0A41C317E74D91C2C2 /* MarkdownIncrementalTests.swift in Sources */ = {isa = PBXBuildFile; fileRef = CEE996CFB7C2DEBDA06D5F88 /* MarkdownIncrementalTests.swift */; };
		639B7B0CC4CE30935B443D4A /* ExportLargeFileTests.swift in Sources */ = {isa = PBXBuildFile; fileRef = AC2BE0F58A9D24D7FE90CC0F /* ExportLargeFileTests.swift */; };
		6465D3F4B4F1E6A4AFB269D4 /* TypewriterScroller.swift in Sources */ = {isa = PBXBuildFile; fileRef = 88078E3D39B2392D1D7192C3 /* TypewriterScroller.swift */; };
		672903504C43486404095113 /* WorkspaceSetupView.swift in Sources */ = {isa = PBXBuildFile; fileRef = 438A5C287432476396F197D0 /* WorkspaceSetupView.swift */; };
		6C1AF500325C1E4D701AC727 /* CrashRecoveryJournal.swift in Sources */ = {isa = PBXBuildFile; fileRef = C8625C9328CDB9E6341DF2BD /* CrashRecoveryJournal.swift */; };
		6D3D1E7525A01345D5DAE986 /* DocumentBufferRegistry.swift in Sources */ = {isa = PBXBuildFile; fileRef = 2F7E1E41547D7184B400BFE2 /* DocumentBufferRegistry.swift */; };
		6FA4B8F414E3029D10779DD7 /* MarkdownEditing.swift in Sources */ = {isa = PBXBuildFile; fileRef = BB9A8DB7F526522AF6C2288D /* MarkdownEditing.swift */; };
		729013C11EF015BD21B455F9 /* ExportRecoveryCheckpointStoreTests.swift in Sources */ = {isa = PBXBuildFile; fileRef = D7FE18284C58BCC7AB935172 /* ExportRecoveryCheckpointStoreTests.swift */; };
		77E296B574D0984F3A6C8C2A /* DocumentRevision.swift in Sources */ = {isa = PBXBuildFile; fileRef = 64F69C1948D2B708A8A173C3 /* DocumentRevision.swift */; };
		78731B2EF1742FD0E6C633E4 /* Autosaver.swift in Sources */ = {isa = PBXBuildFile; fileRef = 410AAD26C2D6CBAEE8AF89B1 /* Autosaver.swift */; };
		7A5104BF5E209AA34A88E72F /* RecoveryStore.swift in Sources */ = {isa = PBXBuildFile; fileRef = 41DF2780D2B934F7142F262C /* RecoveryStore.swift */; };
		7B4F7C038F80749FD0F78CEA /* SwiftMarkdownSemanticParser.swift in Sources */ = {isa = PBXBuildFile; fileRef = D190D8CDFA1BBC64ADADAC96 /* SwiftMarkdownSemanticParser.swift */; };
		7F61A32A5524DFED75028425 /* gfm-extensions.md in Resources */ = {isa = PBXBuildFile; fileRef = D3A9B18A39D128067AEB7469 /* gfm-extensions.md */; };
		85B49EF94A012352D2678E76 /* RecoveryAuthorization.swift in Sources */ = {isa = PBXBuildFile; fileRef = D18F8F6D16F08F68DB9135A9 /* RecoveryAuthorization.swift */; };
		8687A192930192C7951D7EBD /* ExportFileGrantWriter.swift in Sources */ = {isa = PBXBuildFile; fileRef = 50C99434863D996F1BED11BF /* ExportFileGrantWriter.swift */; };
		8C1539ABA0FA17231EEF9BFA /* EditorTextView.swift in Sources */ = {isa = PBXBuildFile; fileRef = 12C34479B36F500DE42ABF6A /* EditorTextView.swift */; };
		8CBF1EB101AB195354B6DD5C /* malformed-unicode.md in Resources */ = {isa = PBXBuildFile; fileRef = AB46E7A30B4CA904356B105D /* malformed-unicode.md */; };
		8F1CC708EE71925510CC322E /* ExportTests.swift in Sources */ = {isa = PBXBuildFile; fileRef = 46374AD2CE9940638656CE5F /* ExportTests.swift */; };
		8F5CD3569250DBB2C2B1D304 /* AtomicWriteTransaction.swift in Sources */ = {isa = PBXBuildFile; fileRef = 3963D168EDC15309B3AE1AE4 /* AtomicWriteTransaction.swift */; };
		93E83F01B75FA876E1645B79 /* MarkdownConformanceTests.swift in Sources */ = {isa = PBXBuildFile; fileRef = D37AE6760E23A721CE0A399F /* MarkdownConformanceTests.swift */; };
		9568136120AF8A4A65B1C9CC /* PDFPrintSettingsStore.swift in Sources */ = {isa = PBXBuildFile; fileRef = 6D8BBE858A7E0920293FB416 /* PDFPrintSettingsStore.swift */; };
		967530F857B11D0328B98C73 /* MarkdownFootnoteProjection.swift in Sources */ = {isa = PBXBuildFile; fileRef = B7C3768A4708A43D8A5C0DB4 /* MarkdownFootnoteProjection.swift */; };
		989B1BA02865082B34673601 /* MarkdownHighlightingMode.swift in Sources */ = {isa = PBXBuildFile; fileRef = FF023D80672733CAD05C10C4 /* MarkdownHighlightingMode.swift */; };
		9BA8DF72BDEAA41F6EA6EDE7 /* Commands.swift in Sources */ = {isa = PBXBuildFile; fileRef = E8A83B5BCD660F9C1DDBDC4D /* Commands.swift */; };
		9FD585E8E1953A0836998911 /* Palette.swift in Sources */ = {isa = PBXBuildFile; fileRef = 4838DDA36FA0C9F82A75B005 /* Palette.swift */; };
		A06789B427E6989D65245B46 /* FilesystemHardeningTests.swift in Sources */ = {isa = PBXBuildFile; fileRef = EE9650B91D65E0FC40310E5E /* FilesystemHardeningTests.swift */; };
		A188721902B81E3F856A1AC2 /* ExportIntegrationTests.swift in Sources */ = {isa = PBXBuildFile; fileRef = D6445143C7FFA174BDFC3A89 /* ExportIntegrationTests.swift */; };
		A26D3B8D918C51EC7E168793 /* CrashTestDriver.swift in Sources */ = {isa = PBXBuildFile; fileRef = 03D23C0D391BDBE872419968 /* CrashTestDriver.swift */; };
		A2B6A71BB47E4934736243DD /* DocumentMover.swift in Sources */ = {isa = PBXBuildFile; fileRef = E1DB795B1CBD37874E580388 /* DocumentMover.swift */; };
		B0800159F3EA5A2E15AF8150 /* DataSafetyTests.swift in Sources */ = {isa = PBXBuildFile; fileRef = CE03532E7E5B2F8515BCEE74 /* DataSafetyTests.swift */; };
		B525EC8064C0BD6AD6C249FA /* Typography.swift in Sources */ = {isa = PBXBuildFile; fileRef = CC6B8EE04048FEAE6FD45E1F /* Typography.swift */; };
		B7004DB966171C7BC7A36B88 /* CrashSafetyTests.swift in Sources */ = {isa = PBXBuildFile; fileRef = CE0395A9DD7ECE0D431EA770 /* CrashSafetyTests.swift */; };
		B7D2D3C32DA0AFB3AD54B71B /* ContractTests.swift in Sources */ = {isa = PBXBuildFile; fileRef = DDD83589B757361BBB1A0C6B /* ContractTests.swift */; };
		BAD56EDA079AC541B5DBC4BC /* MarkdownExtensionModelScanner.swift in Sources */ = {isa = PBXBuildFile; fileRef = F3696562DFA7E29158D6CDA1 /* MarkdownExtensionModelScanner.swift */; };
		BADCFCD217CE70E66752415E /* MarkdownModelRangeMapper.swift in Sources */ = {isa = PBXBuildFile; fileRef = 93E21F87AC48860156F7E1AC /* MarkdownModelRangeMapper.swift */; };
		BD773EFDEEAAD3A2EA41AF7D /* MarkdownCodeTokenizer.swift in Sources */ = {isa = PBXBuildFile; fileRef = 2B9446C2F8F8D25C96C739A8 /* MarkdownCodeTokenizer.swift */; };
		BE194C2E78F211F41D464F10 /* ExportRecoveryCheckpointStore.swift in Sources */ = {isa = PBXBuildFile; fileRef = AFD03FAF438CE6BB1B01201C /* ExportRecoveryCheckpointStore.swift */; };
		CAECF1DAC2D43801DF40CE7F /* HTMLDocumentExporter.swift in Sources */ = {isa = PBXBuildFile; fileRef = 9650953C7A8B696457D59F6B /* HTMLDocumentExporter.swift */; };
		CB477A3E09C4F681B300A03E /* MarkdownTextKitHighlighter.swift in Sources */ = {isa = PBXBuildFile; fileRef = 120F7CB4CA6F19253E8A4F3C /* MarkdownTextKitHighlighter.swift */; };
		CBC23E277A368D24F25B47C4 /* ContentView.swift in Sources */ = {isa = PBXBuildFile; fileRef = 95FBD8965B599CB501B83254 /* ContentView.swift */; };
		CE8DB9FD304D366064BC5C0A /* links-code-entities.md in Resources */ = {isa = PBXBuildFile; fileRef = 95969904811C620DE57D2BA8 /* links-code-entities.md */; };
		CEF98A4665FE543A33EECF86 /* PDFDocumentExporter.swift in Sources */ = {isa = PBXBuildFile; fileRef = 649E735AD7C8AA7D52C6E363 /* PDFDocumentExporter.swift */; };
		D6F6B1BBF4C26DADFE93E719 /* Metrics.swift in Sources */ = {isa = PBXBuildFile; fileRef = 7787A2B4B70C9AF2C14ABFF4 /* Metrics.swift */; };
		D7A49D25891536E1B67FB60F /* ConflictResolver.swift in Sources */ = {isa = PBXBuildFile; fileRef = CCC075AEFDED74E31BBF7810 /* ConflictResolver.swift */; };
		D86598CA5BAE8951968F6D77 /* ExperienceContracts.swift in Sources */ = {isa = PBXBuildFile; fileRef = F817871E775686B218220C3F /* ExperienceContracts.swift */; };
		D8B9E38BD660DD196E4A6594 /* MarkdownExportContracts.swift in Sources */ = {isa = PBXBuildFile; fileRef = 060BCF40DFDC79277E925D28 /* MarkdownExportContracts.swift */; };
		E50F3AD5DF077DB6AF7A9D70 /* SettingsView.swift in Sources */ = {isa = PBXBuildFile; fileRef = 0383AE15AC514B2621DFFB02 /* SettingsView.swift */; };
		E7EC5007037C5AA30DDFAE81 /* malformed.md in Resources */ = {isa = PBXBuildFile; fileRef = 5FAF1A6CD8347E63941C9BA3 /* malformed.md */; };
		EAC6D854A8907021FB563180 /* WorkspaceWatcher.swift in Sources */ = {isa = PBXBuildFile; fileRef = 7F8E550D4B9A16DD957A2435 /* WorkspaceWatcher.swift */; };
		EC54C12EA9F17DDEDC32145E /* MarkdownPerformanceTests.swift in Sources */ = {isa = PBXBuildFile; fileRef = 07390A43CA35AAFECC8D68D1 /* MarkdownPerformanceTests.swift */; };
		F2AF0AAE86D0E6605A57A292 /* delimiters.md in Resources */ = {isa = PBXBuildFile; fileRef = 6C6A6B9017FE5F28EB4153C6 /* delimiters.md */; };
		F2D1858C8AFD6DE27EA4A881 /* DataSafetyAuditTests.swift in Sources */ = {isa = PBXBuildFile; fileRef = 783DA77BAC6EF567A7165F6A /* DataSafetyAuditTests.swift */; };
		F66284F1172F109E28A6B309 /* FocusDimmerTests.swift in Sources */ = {isa = PBXBuildFile; fileRef = 96779F661FA0B4BDC8CFC1FE /* FocusDimmerTests.swift */; };
		F6E2FFDCABEF71BD602494BB /* AppState.swift in Sources */ = {isa = PBXBuildFile; fileRef = 37F231E037B0C6D9E33330AC /* AppState.swift */; };
		F8610375304C1F9410CC61C4 /* ClioApp.swift in Sources */ = {isa = PBXBuildFile; fileRef = E6B7D4086EC1BC509AB0F39D /* ClioApp.swift */; };
		FAD2A9FF20EADCB75DF68D86 /* MarkdownInlineParser.swift in Sources */ = {isa = PBXBuildFile; fileRef = F47B1CD2E86D632BED61BC84 /* MarkdownInlineParser.swift */; };
/* End PBXBuildFile section */

/* Begin PBXContainerItemProxy section */
		380798F0D1D78DDDC5D937E1 /* PBXContainerItemProxy */ = {
			isa = PBXContainerItemProxy;
			containerPortal = 16DB908F10D3CBF83AA6133E /* Project object */;
			proxyType = 1;
			remoteGlobalIDString = 9463A50ACA7319BF58C292E5;
			remoteInfo = Clio;
		};
/* End PBXContainerItemProxy section */

/* Begin PBXFileReference section */
		03066127C645305A50AE45C2 /* ExportRecoveryCatalogTests.swift */ = {isa = PBXFileReference; lastKnownFileType = sourcecode.swift; path = ExportRecoveryCatalogTests.swift; sourceTree = "<group>"; };
		0383AE15AC514B2621DFFB02 /* SettingsView.swift */ = {isa = PBXFileReference; lastKnownFileType = sourcecode.swift; path = SettingsView.swift; sourceTree = "<group>"; };
		03D23C0D391BDBE872419968 /* CrashTestDriver.swift */ = {isa = PBXFileReference; lastKnownFileType = sourcecode.swift; path = CrashTestDriver.swift; sourceTree = "<group>"; };
		048AF2DBDC1BD728E99C7CB1 /* ExportSupport.swift */ = {isa = PBXFileReference; lastKnownFileType = sourcecode.swift; path = ExportSupport.swift; sourceTree = "<group>"; };
		060BCF40DFDC79277E925D28 /* MarkdownExportContracts.swift */ = {isa = PBXFileReference; lastKnownFileType = sourcecode.swift; path = MarkdownExportContracts.swift; sourceTree = "<group>"; };
		07390A43CA35AAFECC8D68D1 /* MarkdownPerformanceTests.swift */ = {isa = PBXFileReference; lastKnownFileType = sourcecode.swift; path = MarkdownPerformanceTests.swift; sourceTree = "<group>"; };
		0B183BFD720535FFD3B725B2 /* WorkspaceTests.swift */ = {isa = PBXFileReference; lastKnownFileType = sourcecode.swift; path = WorkspaceTests.swift; sourceTree = "<group>"; };
		0E40770D9DEED2B12DCDED8D /* IncrementalMarkdownHighlighter.swift */ = {isa = PBXFileReference; lastKnownFileType = sourcecode.swift; path = IncrementalMarkdownHighlighter.swift; sourceTree = "<group>"; };
		120F7CB4CA6F19253E8A4F3C /* MarkdownTextKitHighlighter.swift */ = {isa = PBXFileReference; lastKnownFileType = sourcecode.swift; path = MarkdownTextKitHighlighter.swift; sourceTree = "<group>"; };
		12C34479B36F500DE42ABF6A /* EditorTextView.swift */ = {isa = PBXFileReference; lastKnownFileType = sourcecode.swift; path = EditorTextView.swift; sourceTree = "<group>"; };
		16AEB59F52D99D15598D4EAE /* blocks.md */ = {isa = PBXFileReference; lastKnownFileType = net.daringfireball.markdown; path = blocks.md; sourceTree = "<group>"; };
		18CEF38C646629B41A67466E /* InterruptedMoveTransaction.swift */ = {isa = PBXFileReference; lastKnownFileType = sourcecode.swift; path = InterruptedMoveTransaction.swift; sourceTree = "<group>"; };
		1C4AF1B4E6D4EBBB35C7773B /* DocumentExportPresentation.swift */ = {isa = PBXFileReference; lastKnownFileType = sourcecode.swift; path = DocumentExportPresentation.swift; sourceTree = "<group>"; };
		1D301C5AAB68CEB1C9EC74CF /* PerformanceContract.swift */ = {isa = PBXFileReference; lastKnownFileType = sourcecode.swift; path = PerformanceContract.swift; sourceTree = "<group>"; };
		2575DE6C24F214FFF5CC901C /* ExportPresentationTests.swift */ = {isa = PBXFileReference; lastKnownFileType = sourcecode.swift; path = ExportPresentationTests.swift; sourceTree = "<group>"; };
		2606EAA75DBB43ED79C5DFA6 /* Fonts */ = {isa = PBXFileReference; lastKnownFileType = folder; name = Fonts; path = Clio/Resources/Fonts; sourceTree = SOURCE_ROOT; };
		2B9446C2F8F8D25C96C739A8 /* MarkdownCodeTokenizer.swift */ = {isa = PBXFileReference; lastKnownFileType = sourcecode.swift; path = MarkdownCodeTokenizer.swift; sourceTree = "<group>"; };
		2F710F7CDE141F9CF769FD50 /* AppStateTests.swift */ = {isa = PBXFileReference; lastKnownFileType = sourcecode.swift; path = AppStateTests.swift; sourceTree = "<group>"; };
		2F7E1E41547D7184B400BFE2 /* DocumentBufferRegistry.swift */ = {isa = PBXFileReference; lastKnownFileType = sourcecode.swift; path = DocumentBufferRegistry.swift; sourceTree = "<group>"; };
		31DDB59E4E4182C33DEB7F33 /* MarkdownEditingTests.swift */ = {isa = PBXFileReference; lastKnownFileType = sourcecode.swift; path = MarkdownEditingTests.swift; sourceTree = "<group>"; };
		37F231E037B0C6D9E33330AC /* AppState.swift */ = {isa = PBXFileReference; lastKnownFileType = sourcecode.swift; path = AppState.swift; sourceTree = "<group>"; };
		388EE481C48FC1C358F3BFFB /* ThirdPartyNotices */ = {isa = PBXFileReference; lastKnownFileType = folder; name = ThirdPartyNotices; path = Clio/Resources/ThirdPartyNotices; sourceTree = SOURCE_ROOT; };
		3963D168EDC15309B3AE1AE4 /* AtomicWriteTransaction.swift */ = {isa = PBXFileReference; lastKnownFileType = sourcecode.swift; path = AtomicWriteTransaction.swift; sourceTree = "<group>"; };
		410AAD26C2D6CBAEE8AF89B1 /* Autosaver.swift */ = {isa = PBXFileReference; lastKnownFileType = sourcecode.swift; path = Autosaver.swift; sourceTree = "<group>"; };
		41DF2780D2B934F7142F262C /* RecoveryStore.swift */ = {isa = PBXFileReference; lastKnownFileType = sourcecode.swift; path = RecoveryStore.swift; sourceTree = "<group>"; };
		4212B1B2844F9B9576D273EE /* WorkspaceContracts.swift */ = {isa = PBXFileReference; lastKnownFileType = sourcecode.swift; path = WorkspaceContracts.swift; sourceTree = "<group>"; };
		438A5C287432476396F197D0 /* WorkspaceSetupView.swift */ = {isa = PBXFileReference; lastKnownFileType = sourcecode.swift; path = WorkspaceSetupView.swift; sourceTree = "<group>"; };
		4553B2CB1DCA7EB7A258A9B2 /* EditorSession.swift */ = {isa = PBXFileReference; lastKnownFileType = sourcecode.swift; path = EditorSession.swift; sourceTree = "<group>"; };
		46374AD2CE9940638656CE5F /* ExportTests.swift */ = {isa = PBXFileReference; lastKnownFileType = sourcecode.swift; path = ExportTests.swift; sourceTree = "<group>"; };
		46B8EF8E0B4F29519A3C6B0C /* EditorView.swift */ = {isa = PBXFileReference; lastKnownFileType = sourcecode.swift; path = EditorView.swift; sourceTree = "<group>"; };
		4838DDA36FA0C9F82A75B005 /* Palette.swift */ = {isa = PBXFileReference; lastKnownFileType = sourcecode.swift; path = Palette.swift; sourceTree = "<group>"; };
		50C99434863D996F1BED11BF /* ExportFileGrantWriter.swift */ = {isa = PBXFileReference; lastKnownFileType = sourcecode.swift; path = ExportFileGrantWriter.swift; sourceTree = "<group>"; };
		5FAF1A6CD8347E63941C9BA3 /* malformed.md */ = {isa = PBXFileReference; lastKnownFileType = net.daringfireball.markdown; path = malformed.md; sourceTree = "<group>"; };
		649E735AD7C8AA7D52C6E363 /* PDFDocumentExporter.swift */ = {isa = PBXFileReference; lastKnownFileType = sourcecode.swift; path = PDFDocumentExporter.swift; sourceTree = "<group>"; };
		64F69C1948D2B708A8A173C3 /* DocumentRevision.swift */ = {isa = PBXFileReference; lastKnownFileType = sourcecode.swift; path = DocumentRevision.swift; sourceTree = "<group>"; };
		6C6A6B9017FE5F28EB4153C6 /* delimiters.md */ = {isa = PBXFileReference; lastKnownFileType = net.daringfireball.markdown; path = delimiters.md; sourceTree = "<group>"; };
		6D8BBE858A7E0920293FB416 /* PDFPrintSettingsStore.swift */ = {isa = PBXFileReference; lastKnownFileType = sourcecode.swift; path = PDFPrintSettingsStore.swift; sourceTree = "<group>"; };
		7589BED9EAB979FF4A1763CC /* DocumentExportInstaller.swift */ = {isa = PBXFileReference; lastKnownFileType = sourcecode.swift; path = DocumentExportInstaller.swift; sourceTree = "<group>"; };
		7787A2B4B70C9AF2C14ABFF4 /* Metrics.swift */ = {isa = PBXFileReference; lastKnownFileType = sourcecode.swift; path = Metrics.swift; sourceTree = "<group>"; };
		783DA77BAC6EF567A7165F6A /* DataSafetyAuditTests.swift */ = {isa = PBXFileReference; lastKnownFileType = sourcecode.swift; path = DataSafetyAuditTests.swift; sourceTree = "<group>"; };
		7F8E550D4B9A16DD957A2435 /* WorkspaceWatcher.swift */ = {isa = PBXFileReference; lastKnownFileType = sourcecode.swift; path = WorkspaceWatcher.swift; sourceTree = "<group>"; };
		88078E3D39B2392D1D7192C3 /* TypewriterScroller.swift */ = {isa = PBXFileReference; lastKnownFileType = sourcecode.swift; path = TypewriterScroller.swift; sourceTree = "<group>"; };
		93E21F87AC48860156F7E1AC /* MarkdownModelRangeMapper.swift */ = {isa = PBXFileReference; lastKnownFileType = sourcecode.swift; path = MarkdownModelRangeMapper.swift; sourceTree = "<group>"; };
		95969904811C620DE57D2BA8 /* links-code-entities.md */ = {isa = PBXFileReference; lastKnownFileType = net.daringfireball.markdown; path = "links-code-entities.md"; sourceTree = "<group>"; };
		95FBD8965B599CB501B83254 /* ContentView.swift */ = {isa = PBXFileReference; lastKnownFileType = sourcecode.swift; path = ContentView.swift; sourceTree = "<group>"; };
		9650953C7A8B696457D59F6B /* HTMLDocumentExporter.swift */ = {isa = PBXFileReference; lastKnownFileType = sourcecode.swift; path = HTMLDocumentExporter.swift; sourceTree = "<group>"; };
		96779F661FA0B4BDC8CFC1FE /* FocusDimmerTests.swift */ = {isa = PBXFileReference; lastKnownFileType = sourcecode.swift; path = FocusDimmerTests.swift; sourceTree = "<group>"; };
		985FAA6974C83B5BD55EAAA2 /* FocusDimmer.swift */ = {isa = PBXFileReference; lastKnownFileType = sourcecode.swift; path = FocusDimmer.swift; sourceTree = "<group>"; };
		99FFDC4F6FD0B1903F2D36A5 /* Workspace.swift */ = {isa = PBXFileReference; lastKnownFileType = sourcecode.swift; path = Workspace.swift; sourceTree = "<group>"; };
		9DAD4C82CA68E85065EE6902 /* everything.md */ = {isa = PBXFileReference; lastKnownFileType = net.daringfireball.markdown; path = everything.md; sourceTree = "<group>"; };
		A8566EFD44C7B437E0AD0927 /* SourcePreservingMarkdownParser.swift */ = {isa = PBXFileReference; lastKnownFileType = sourcecode.swift; path = SourcePreservingMarkdownParser.swift; sourceTree = "<group>"; };
		AB46E7A30B4CA904356B105D /* malformed-unicode.md */ = {isa = PBXFileReference; lastKnownFileType = net.daringfireball.markdown; path = "malformed-unicode.md"; sourceTree = "<group>"; };
		AC2BE0F58A9D24D7FE90CC0F /* ExportLargeFileTests.swift */ = {isa = PBXFileReference; lastKnownFileType = sourcecode.swift; path = ExportLargeFileTests.swift; sourceTree = "<group>"; };
		AE7E353A266B86026DEE626C /* DocumentContracts.swift */ = {isa = PBXFileReference; lastKnownFileType = sourcecode.swift; path = DocumentContracts.swift; sourceTree = "<group>"; };
		AFD03FAF438CE6BB1B01201C /* ExportRecoveryCheckpointStore.swift */ = {isa = PBXFileReference; lastKnownFileType = sourcecode.swift; path = ExportRecoveryCheckpointStore.swift; sourceTree = "<group>"; };
		B58080E087A87572DF6CB1B2 /* EditorCoordinator.swift */ = {isa = PBXFileReference; lastKnownFileType = sourcecode.swift; path = EditorCoordinator.swift; sourceTree = "<group>"; };
		B6A196F47311421B310ECB36 /* Document.swift */ = {isa = PBXFileReference; lastKnownFileType = sourcecode.swift; path = Document.swift; sourceTree = "<group>"; };
		B7C3768A4708A43D8A5C0DB4 /* MarkdownFootnoteProjection.swift */ = {isa = PBXFileReference; lastKnownFileType = sourcecode.swift; path = MarkdownFootnoteProjection.swift; sourceTree = "<group>"; };
		BB9A8DB7F526522AF6C2288D /* MarkdownEditing.swift */ = {isa = PBXFileReference; lastKnownFileType = sourcecode.swift; path = MarkdownEditing.swift; sourceTree = "<group>"; };
		C8625C9328CDB9E6341DF2BD /* CrashRecoveryJournal.swift */ = {isa = PBXFileReference; lastKnownFileType = sourcecode.swift; path = CrashRecoveryJournal.swift; sourceTree = "<group>"; };
		CC6B8EE04048FEAE6FD45E1F /* Typography.swift */ = {isa = PBXFileReference; lastKnownFileType = sourcecode.swift; path = Typography.swift; sourceTree = "<group>"; };
		CCC075AEFDED74E31BBF7810 /* ConflictResolver.swift */ = {isa = PBXFileReference; lastKnownFileType = sourcecode.swift; path = ConflictResolver.swift; sourceTree = "<group>"; };
		CE03532E7E5B2F8515BCEE74 /* DataSafetyTests.swift */ = {isa = PBXFileReference; lastKnownFileType = sourcecode.swift; path = DataSafetyTests.swift; sourceTree = "<group>"; };
		CE0395A9DD7ECE0D431EA770 /* CrashSafetyTests.swift */ = {isa = PBXFileReference; lastKnownFileType = sourcecode.swift; path = CrashSafetyTests.swift; sourceTree = "<group>"; };
		CE367A19CA5B87458595B6EF /* MarkdownParserTests.swift */ = {isa = PBXFileReference; lastKnownFileType = sourcecode.swift; path = MarkdownParserTests.swift; sourceTree = "<group>"; };
		CEE996CFB7C2DEBDA06D5F88 /* MarkdownIncrementalTests.swift */ = {isa = PBXFileReference; lastKnownFileType = sourcecode.swift; path = MarkdownIncrementalTests.swift; sourceTree = "<group>"; };
		D18F8F6D16F08F68DB9135A9 /* RecoveryAuthorization.swift */ = {isa = PBXFileReference; lastKnownFileType = sourcecode.swift; path = RecoveryAuthorization.swift; sourceTree = "<group>"; };
		D190D8CDFA1BBC64ADADAC96 /* SwiftMarkdownSemanticParser.swift */ = {isa = PBXFileReference; lastKnownFileType = sourcecode.swift; path = SwiftMarkdownSemanticParser.swift; sourceTree = "<group>"; };
		D37AE6760E23A721CE0A399F /* MarkdownConformanceTests.swift */ = {isa = PBXFileReference; lastKnownFileType = sourcecode.swift; path = MarkdownConformanceTests.swift; sourceTree = "<group>"; };
		D3A9B18A39D128067AEB7469 /* gfm-extensions.md */ = {isa = PBXFileReference; lastKnownFileType = net.daringfireball.markdown; path = "gfm-extensions.md"; sourceTree = "<group>"; };
		D6445143C7FFA174BDFC3A89 /* ExportIntegrationTests.swift */ = {isa = PBXFileReference; lastKnownFileType = sourcecode.swift; path = ExportIntegrationTests.swift; sourceTree = "<group>"; };
		D7FE18284C58BCC7AB935172 /* ExportRecoveryCheckpointStoreTests.swift */ = {isa = PBXFileReference; lastKnownFileType = sourcecode.swift; path = ExportRecoveryCheckpointStoreTests.swift; sourceTree = "<group>"; };
		DDD83589B757361BBB1A0C6B /* ContractTests.swift */ = {isa = PBXFileReference; lastKnownFileType = sourcecode.swift; path = ContractTests.swift; sourceTree = "<group>"; };
		E1DB795B1CBD37874E580388 /* DocumentMover.swift */ = {isa = PBXFileReference; lastKnownFileType = sourcecode.swift; path = DocumentMover.swift; sourceTree = "<group>"; };
		E6B7D4086EC1BC509AB0F39D /* ClioApp.swift */ = {isa = PBXFileReference; lastKnownFileType = sourcecode.swift; path = ClioApp.swift; sourceTree = "<group>"; };
		E8A83B5BCD660F9C1DDBDC4D /* Commands.swift */ = {isa = PBXFileReference; lastKnownFileType = sourcecode.swift; path = Commands.swift; sourceTree = "<group>"; };
		EE9650B91D65E0FC40310E5E /* FilesystemHardeningTests.swift */ = {isa = PBXFileReference; lastKnownFileType = sourcecode.swift; path = FilesystemHardeningTests.swift; sourceTree = "<group>"; };
		EFF899F1015754266E7E750C /* MarkdownSource.swift */ = {isa = PBXFileReference; lastKnownFileType = sourcecode.swift; path = MarkdownSource.swift; sourceTree = "<group>"; };
		F3696562DFA7E29158D6CDA1 /* MarkdownExtensionModelScanner.swift */ = {isa = PBXFileReference; lastKnownFileType = sourcecode.swift; path = MarkdownExtensionModelScanner.swift; sourceTree = "<group>"; };
		F47B1CD2E86D632BED61BC84 /* MarkdownInlineParser.swift */ = {isa = PBXFileReference; lastKnownFileType = sourcecode.swift; path = MarkdownInlineParser.swift; sourceTree = "<group>"; };
		F54B83A850CC4078A10343AB /* MarkdownIncrementalPolicy.swift */ = {isa = PBXFileReference; lastKnownFileType = sourcecode.swift; path = MarkdownIncrementalPolicy.swift; sourceTree = "<group>"; };
		F61BE8891D1969C564486470 /* ExportRecoveryCatalog.swift */ = {isa = PBXFileReference; lastKnownFileType = sourcecode.swift; path = ExportRecoveryCatalog.swift; sourceTree = "<group>"; };
		F7BC8CF4558956B63F83A6B6 /* ClioTests.xctest */ = {isa = PBXFileReference; explicitFileType = wrapper.cfbundle; includeInIndex = 0; path = ClioTests.xctest; sourceTree = BUILT_PRODUCTS_DIR; };
		F817871E775686B218220C3F /* ExperienceContracts.swift */ = {isa = PBXFileReference; lastKnownFileType = sourcecode.swift; path = ExperienceContracts.swift; sourceTree = "<group>"; };
		FB38CDA2EE93F624A724B0B4 /* Clio.app */ = {isa = PBXFileReference; explicitFileType = wrapper.application; includeInIndex = 0; path = Clio.app; sourceTree = BUILT_PRODUCTS_DIR; };
		FF023D80672733CAD05C10C4 /* MarkdownHighlightingMode.swift */ = {isa = PBXFileReference; lastKnownFileType = sourcecode.swift; path = MarkdownHighlightingMode.swift; sourceTree = "<group>"; };
		FF57D38B209B0C1D0D4218B6 /* DocumentExportCoordinator.swift */ = {isa = PBXFileReference; lastKnownFileType = sourcecode.swift; path = DocumentExportCoordinator.swift; sourceTree = "<group>"; };
/* End PBXFileReference section */

/* Begin PBXFrameworksBuildPhase section */
		F53B9310441BD6031D40EDF8 /* Frameworks */ = {
			isa = PBXFrameworksBuildPhase;
			buildActionMask = 2147483647;
			files = (
				11BC44C7B6D3E3CF51DA8628 /* Markdown in Frameworks */,
			);
			runOnlyForDeploymentPostprocessing = 0;
		};
/* End PBXFrameworksBuildPhase section */

/* Begin PBXGroup section */
		37DAD459B8B41ADF9A525A62 /* Contracts */ = {
			isa = PBXGroup;
			children = (
				AE7E353A266B86026DEE626C /* DocumentContracts.swift */,
				F817871E775686B218220C3F /* ExperienceContracts.swift */,
				060BCF40DFDC79277E925D28 /* MarkdownExportContracts.swift */,
				1D301C5AAB68CEB1C9EC74CF /* PerformanceContract.swift */,
				4212B1B2844F9B9576D273EE /* WorkspaceContracts.swift */,
			);
			path = Contracts;
			sourceTree = "<group>";
		};
		45CB4BC46EBD92F16CE07506 /* Resources */ = {
			isa = PBXGroup;
			children = (
				2606EAA75DBB43ED79C5DFA6 /* Fonts */,
				388EE481C48FC1C358F3BFFB /* ThirdPartyNotices */,
			);
			path = Resources;
			sourceTree = "<group>";
		};
		528AC45447AA2C0FE8E14001 /* Products */ = {
			isa = PBXGroup;
			children = (
				FB38CDA2EE93F624A724B0B4 /* Clio.app */,
				F7BC8CF4558956B63F83A6B6 /* ClioTests.xctest */,
			);
			name = Products;
			sourceTree = "<group>";
		};
		54519BD69AA07AE7CBECCA37 /* Conformance */ = {
			isa = PBXGroup;
			children = (
				16AEB59F52D99D15598D4EAE /* blocks.md */,
				6C6A6B9017FE5F28EB4153C6 /* delimiters.md */,
				D3A9B18A39D128067AEB7469 /* gfm-extensions.md */,
				95969904811C620DE57D2BA8 /* links-code-entities.md */,
				AB46E7A30B4CA904356B105D /* malformed-unicode.md */,
			);
			path = Conformance;
			sourceTree = "<group>";
		};
		5951908261381D4FC7B083A2 /* Fixtures */ = {
			isa = PBXGroup;
			children = (
				DEE70AACDFC81741F35CEC2D /* Markdown */,
			);
			path = Fixtures;
			sourceTree = "<group>";
		};
		6640EAFF46CEB9710033D36F /* Workspace */ = {
			isa = PBXGroup;
			children = (
				3963D168EDC15309B3AE1AE4 /* AtomicWriteTransaction.swift */,
				410AAD26C2D6CBAEE8AF89B1 /* Autosaver.swift */,
				CCC075AEFDED74E31BBF7810 /* ConflictResolver.swift */,
				C8625C9328CDB9E6341DF2BD /* CrashRecoveryJournal.swift */,
				03D23C0D391BDBE872419968 /* CrashTestDriver.swift */,
				B6A196F47311421B310ECB36 /* Document.swift */,
				2F7E1E41547D7184B400BFE2 /* DocumentBufferRegistry.swift */,
				E1DB795B1CBD37874E580388 /* DocumentMover.swift */,
				64F69C1948D2B708A8A173C3 /* DocumentRevision.swift */,
				18CEF38C646629B41A67466E /* InterruptedMoveTransaction.swift */,
				D18F8F6D16F08F68DB9135A9 /* RecoveryAuthorization.swift */,
				41DF2780D2B934F7142F262C /* RecoveryStore.swift */,
				99FFDC4F6FD0B1903F2D36A5 /* Workspace.swift */,
				7F8E550D4B9A16DD957A2435 /* WorkspaceWatcher.swift */,
			);
			path = Workspace;
			sourceTree = "<group>";
		};
		6D7D78B28D5E604A4EE21EE9 /* Clio */ = {
			isa = PBXGroup;
			children = (
				AA940CF2BFA467E438224E72 /* App */,
				37DAD459B8B41ADF9A525A62 /* Contracts */,
				A77D27D26DC75CD2A87BF92F /* Design */,
				7A1A636E5B032907A6BFBCAE /* Editor */,
				AFFFABD5EDD581F7AD4155DC /* Export */,
				B8FB170880A39D61CB226AD0 /* Markdown */,
				45CB4BC46EBD92F16CE07506 /* Resources */,
				6640EAFF46CEB9710033D36F /* Workspace */,
			);
			path = Clio;
			sourceTree = "<group>";
		};
		7A1A636E5B032907A6BFBCAE /* Editor */ = {
			isa = PBXGroup;
			children = (
				B58080E087A87572DF6CB1B2 /* EditorCoordinator.swift */,
				12C34479B36F500DE42ABF6A /* EditorTextView.swift */,
				46B8EF8E0B4F29519A3C6B0C /* EditorView.swift */,
				985FAA6974C83B5BD55EAAA2 /* FocusDimmer.swift */,
				FF023D80672733CAD05C10C4 /* MarkdownHighlightingMode.swift */,
				120F7CB4CA6F19253E8A4F3C /* MarkdownTextKitHighlighter.swift */,
				88078E3D39B2392D1D7192C3 /* TypewriterScroller.swift */,
			);
			path = Editor;
			sourceTree = "<group>";
		};
		A77D27D26DC75CD2A87BF92F /* Design */ = {
			isa = PBXGroup;
			children = (
				7787A2B4B70C9AF2C14ABFF4 /* Metrics.swift */,
				4838DDA36FA0C9F82A75B005 /* Palette.swift */,
				CC6B8EE04048FEAE6FD45E1F /* Typography.swift */,
			);
			path = Design;
			sourceTree = "<group>";
		};
		AA940CF2BFA467E438224E72 /* App */ = {
			isa = PBXGroup;
			children = (
				37F231E037B0C6D9E33330AC /* AppState.swift */,
				E6B7D4086EC1BC509AB0F39D /* ClioApp.swift */,
				E8A83B5BCD660F9C1DDBDC4D /* Commands.swift */,
				95FBD8965B599CB501B83254 /* ContentView.swift */,
				4553B2CB1DCA7EB7A258A9B2 /* EditorSession.swift */,
				0383AE15AC514B2621DFFB02 /* SettingsView.swift */,
				438A5C287432476396F197D0 /* WorkspaceSetupView.swift */,
			);
			path = App;
			sourceTree = "<group>";
		};
		AFFFABD5EDD581F7AD4155DC /* Export */ = {
			isa = PBXGroup;
			children = (
				FF57D38B209B0C1D0D4218B6 /* DocumentExportCoordinator.swift */,
				7589BED9EAB979FF4A1763CC /* DocumentExportInstaller.swift */,
				1C4AF1B4E6D4EBBB35C7773B /* DocumentExportPresentation.swift */,
				50C99434863D996F1BED11BF /* ExportFileGrantWriter.swift */,
				F61BE8891D1969C564486470 /* ExportRecoveryCatalog.swift */,
				AFD03FAF438CE6BB1B01201C /* ExportRecoveryCheckpointStore.swift */,
				048AF2DBDC1BD728E99C7CB1 /* ExportSupport.swift */,
				9650953C7A8B696457D59F6B /* HTMLDocumentExporter.swift */,
				649E735AD7C8AA7D52C6E363 /* PDFDocumentExporter.swift */,
				6D8BBE858A7E0920293FB416 /* PDFPrintSettingsStore.swift */,
			);
			path = Export;
			sourceTree = "<group>";
		};
		B8FB170880A39D61CB226AD0 /* Markdown */ = {
			isa = PBXGroup;
			children = (
				0E40770D9DEED2B12DCDED8D /* IncrementalMarkdownHighlighter.swift */,
				2B9446C2F8F8D25C96C739A8 /* MarkdownCodeTokenizer.swift */,
				BB9A8DB7F526522AF6C2288D /* MarkdownEditing.swift */,
				F3696562DFA7E29158D6CDA1 /* MarkdownExtensionModelScanner.swift */,
				B7C3768A4708A43D8A5C0DB4 /* MarkdownFootnoteProjection.swift */,
				F54B83A850CC4078A10343AB /* MarkdownIncrementalPolicy.swift */,
				F47B1CD2E86D632BED61BC84 /* MarkdownInlineParser.swift */,
				93E21F87AC48860156F7E1AC /* MarkdownModelRangeMapper.swift */,
				EFF899F1015754266E7E750C /* MarkdownSource.swift */,
				A8566EFD44C7B437E0AD0927 /* SourcePreservingMarkdownParser.swift */,
				D190D8CDFA1BBC64ADADAC96 /* SwiftMarkdownSemanticParser.swift */,
			);
			path = Markdown;
			sourceTree = "<group>";
		};
		BC3C1893C9818E15D48936DC = {
			isa = PBXGroup;
			children = (
				6D7D78B28D5E604A4EE21EE9 /* Clio */,
				C00578F4C5669CE45B6F6B5B /* ClioTests */,
				528AC45447AA2C0FE8E14001 /* Products */,
			);
			sourceTree = "<group>";
		};
		C00578F4C5669CE45B6F6B5B /* ClioTests */ = {
			isa = PBXGroup;
			children = (
				5951908261381D4FC7B083A2 /* Fixtures */,
				2F710F7CDE141F9CF769FD50 /* AppStateTests.swift */,
				DDD83589B757361BBB1A0C6B /* ContractTests.swift */,
				CE0395A9DD7ECE0D431EA770 /* CrashSafetyTests.swift */,
				783DA77BAC6EF567A7165F6A /* DataSafetyAuditTests.swift */,
				CE03532E7E5B2F8515BCEE74 /* DataSafetyTests.swift */,
				D6445143C7FFA174BDFC3A89 /* ExportIntegrationTests.swift */,
				AC2BE0F58A9D24D7FE90CC0F /* ExportLargeFileTests.swift */,
				2575DE6C24F214FFF5CC901C /* ExportPresentationTests.swift */,
				03066127C645305A50AE45C2 /* ExportRecoveryCatalogTests.swift */,
				D7FE18284C58BCC7AB935172 /* ExportRecoveryCheckpointStoreTests.swift */,
				46374AD2CE9940638656CE5F /* ExportTests.swift */,
				EE9650B91D65E0FC40310E5E /* FilesystemHardeningTests.swift */,
				96779F661FA0B4BDC8CFC1FE /* FocusDimmerTests.swift */,
				D37AE6760E23A721CE0A399F /* MarkdownConformanceTests.swift */,
				31DDB59E4E4182C33DEB7F33 /* MarkdownEditingTests.swift */,
				CEE996CFB7C2DEBDA06D5F88 /* MarkdownIncrementalTests.swift */,
				CE367A19CA5B87458595B6EF /* MarkdownParserTests.swift */,
				07390A43CA35AAFECC8D68D1 /* MarkdownPerformanceTests.swift */,
				0B183BFD720535FFD3B725B2 /* WorkspaceTests.swift */,
			);
			path = ClioTests;
			sourceTree = "<group>";
		};
		DEE70AACDFC81741F35CEC2D /* Markdown */ = {
			isa = PBXGroup;
			children = (
				54519BD69AA07AE7CBECCA37 /* Conformance */,
				9DAD4C82CA68E85065EE6902 /* everything.md */,
				5FAF1A6CD8347E63941C9BA3 /* malformed.md */,
			);
			path = Markdown;
			sourceTree = "<group>";
		};
/* End PBXGroup section */

/* Begin PBXNativeTarget section */
		1EFC903199B1E422F418531B /* ClioTests */ = {
			isa = PBXNativeTarget;
			buildConfigurationList = 4DBC9094D10DBA5F67457D64 /* Build configuration list for PBXNativeTarget "ClioTests" */;
			buildPhases = (
				EAD41C4BD901406DF763B5B1 /* Sources */,
				77C6BC925C8FE659F39ADB31 /* Resources */,
			);
			buildRules = (
			);
			dependencies = (
				0B1505969BB9BE8395ADBDBB /* PBXTargetDependency */,
			);
			name = ClioTests;
			packageProductDependencies = (
			);
			productName = ClioTests;
			productReference = F7BC8CF4558956B63F83A6B6 /* ClioTests.xctest */;
			productType = "com.apple.product-type.bundle.unit-test";
		};
		9463A50ACA7319BF58C292E5 /* Clio */ = {
			isa = PBXNativeTarget;
			buildConfigurationList = 8FA0609FE167546A547CA038 /* Build configuration list for PBXNativeTarget "Clio" */;
			buildPhases = (
				BA61BE75D51E7198564D984F /* Sources */,
				D3CB5A1E36CCD9C10CA4B983 /* Resources */,
				F53B9310441BD6031D40EDF8 /* Frameworks */,
			);
			buildRules = (
			);
			dependencies = (
			);
			name = Clio;
			packageProductDependencies = (
				C044D4083E6B063E4AC303C9 /* Markdown */,
			);
			productName = Clio;
			productReference = FB38CDA2EE93F624A724B0B4 /* Clio.app */;
			productType = "com.apple.product-type.application";
		};
/* End PBXNativeTarget section */

/* Begin PBXProject section */
		16DB908F10D3CBF83AA6133E /* Project object */ = {
			isa = PBXProject;
			attributes = {
				BuildIndependentTargetsInParallel = YES;
				LastUpgradeCheck = 1500;
				TargetAttributes = {
				};
			};
			buildConfigurationList = 491AE8B2B2F472C7F67BB758 /* Build configuration list for PBXProject "Clio" */;
			developmentRegion = en;
			hasScannedForEncodings = 0;
			knownRegions = (
				Base,
				en,
			);
			mainGroup = BC3C1893C9818E15D48936DC;
			minimizedProjectReferenceProxies = 1;
			packageReferences = (
				8BD6CB9610201BF5C4374109 /* XCRemoteSwiftPackageReference "swift-cmark" */,
				C19B03DCC487E0985D4D68CE /* XCRemoteSwiftPackageReference "swift-markdown" */,
			);
			preferredProjectObjectVersion = 77;
			productRefGroup = 528AC45447AA2C0FE8E14001 /* Products */;
			projectDirPath = "";
			projectRoot = "";
			targets = (
				9463A50ACA7319BF58C292E5 /* Clio */,
				1EFC903199B1E422F418531B /* ClioTests */,
			);
		};
/* End PBXProject section */

/* Begin PBXResourcesBuildPhase section */
		77C6BC925C8FE659F39ADB31 /* Resources */ = {
			isa = PBXResourcesBuildPhase;
			buildActionMask = 2147483647;
			files = (
				54F836C09DD8A891BAD18A8A /* blocks.md in Resources */,
				F2AF0AAE86D0E6605A57A292 /* delimiters.md in Resources */,
				16F147BD4310E09025D9DA10 /* everything.md in Resources */,
				7F61A32A5524DFED75028425 /* gfm-extensions.md in Resources */,
				CE8DB9FD304D366064BC5C0A /* links-code-entities.md in Resources */,
				8CBF1EB101AB195354B6DD5C /* malformed-unicode.md in Resources */,
				E7EC5007037C5AA30DDFAE81 /* malformed.md in Resources */,
			);
			runOnlyForDeploymentPostprocessing = 0;
		};
		D3CB5A1E36CCD9C10CA4B983 /* Resources */ = {
			isa = PBXResourcesBuildPhase;
			buildActionMask = 2147483647;
			files = (
				5403D9FEC2130E342EF759EF /* Fonts in Resources */,
				61B9B49EC681E11E143D6AE5 /* ThirdPartyNotices in Resources */,
			);
			runOnlyForDeploymentPostprocessing = 0;
		};
/* End PBXResourcesBuildPhase section */

/* Begin PBXSourcesBuildPhase section */
		BA61BE75D51E7198564D984F /* Sources */ = {
			isa = PBXSourcesBuildPhase;
			buildActionMask = 2147483647;
			files = (
				F6E2FFDCABEF71BD602494BB /* AppState.swift in Sources */,
				8F5CD3569250DBB2C2B1D304 /* AtomicWriteTransaction.swift in Sources */,
				78731B2EF1742FD0E6C633E4 /* Autosaver.swift in Sources */,
				F8610375304C1F9410CC61C4 /* ClioApp.swift in Sources */,
				9BA8DF72BDEAA41F6EA6EDE7 /* Commands.swift in Sources */,
				D7A49D25891536E1B67FB60F /* ConflictResolver.swift in Sources */,
				CBC23E277A368D24F25B47C4 /* ContentView.swift in Sources */,
				6C1AF500325C1E4D701AC727 /* CrashRecoveryJournal.swift in Sources */,
				A26D3B8D918C51EC7E168793 /* CrashTestDriver.swift in Sources */,
				3A5F94A9A852E19D40C00EA9 /* Document.swift in Sources */,
				6D3D1E7525A01345D5DAE986 /* DocumentBufferRegistry.swift in Sources */,
				205FD4F4C223A05EEE99E768 /* DocumentContracts.swift in Sources */,
				1D1395BCFEEC234B73C148D4 /* DocumentExportCoordinator.swift in Sources */,
				2D45DCB258BCD3DC679B3394 /* DocumentExportInstaller.swift in Sources */,
				5E3C69B7B757F8FC4D1895CB /* DocumentExportPresentation.swift in Sources */,
				A2B6A71BB47E4934736243DD /* DocumentMover.swift in Sources */,
				77E296B574D0984F3A6C8C2A /* DocumentRevision.swift in Sources */,
				3AE0DD1AA78700742E250DBF /* EditorCoordinator.swift in Sources */,
				20C877383D541EEF1BB398BB /* EditorSession.swift in Sources */,
				8C1539ABA0FA17231EEF9BFA /* EditorTextView.swift in Sources */,
				0FDD159AF9A98DCB0E69AF22 /* EditorView.swift in Sources */,
				D86598CA5BAE8951968F6D77 /* ExperienceContracts.swift in Sources */,
				8687A192930192C7951D7EBD /* ExportFileGrantWriter.swift in Sources */,
				41090E2C66D59999C757C21A /* ExportRecoveryCatalog.swift in Sources */,
				BE194C2E78F211F41D464F10 /* ExportRecoveryCheckpointStore.swift in Sources */,
				41CC32D25466B5147C662557 /* ExportSupport.swift in Sources */,
				59C57AFAAFAF9C5C299400E4 /* FocusDimmer.swift in Sources */,
				CAECF1DAC2D43801DF40CE7F /* HTMLDocumentExporter.swift in Sources */,
				20FD29D05435FE4A174206F6 /* IncrementalMarkdownHighlighter.swift in Sources */,
				177D850130F8B5CF5DDA327B /* InterruptedMoveTransaction.swift in Sources */,
				BD773EFDEEAAD3A2EA41AF7D /* MarkdownCodeTokenizer.swift in Sources */,
				6FA4B8F414E3029D10779DD7 /* MarkdownEditing.swift in Sources */,
				D8B9E38BD660DD196E4A6594 /* MarkdownExportContracts.swift in Sources */,
				BAD56EDA079AC541B5DBC4BC /* MarkdownExtensionModelScanner.swift in Sources */,
				967530F857B11D0328B98C73 /* MarkdownFootnoteProjection.swift in Sources */,
				989B1BA02865082B34673601 /* MarkdownHighlightingMode.swift in Sources */,
				32735DE4C2542395166C6CE5 /* MarkdownIncrementalPolicy.swift in Sources */,
				FAD2A9FF20EADCB75DF68D86 /* MarkdownInlineParser.swift in Sources */,
				BADCFCD217CE70E66752415E /* MarkdownModelRangeMapper.swift in Sources */,
				485F8D44A53A27E421EB4B27 /* MarkdownSource.swift in Sources */,
				CB477A3E09C4F681B300A03E /* MarkdownTextKitHighlighter.swift in Sources */,
				D6F6B1BBF4C26DADFE93E719 /* Metrics.swift in Sources */,
				CEF98A4665FE543A33EECF86 /* PDFDocumentExporter.swift in Sources */,
				9568136120AF8A4A65B1C9CC /* PDFPrintSettingsStore.swift in Sources */,
				9FD585E8E1953A0836998911 /* Palette.swift in Sources */,
				0AF700832693B2283CA2347D /* PerformanceContract.swift in Sources */,
				85B49EF94A012352D2678E76 /* RecoveryAuthorization.swift in Sources */,
				7A5104BF5E209AA34A88E72F /* RecoveryStore.swift in Sources */,
				E50F3AD5DF077DB6AF7A9D70 /* SettingsView.swift in Sources */,
				23BD4A7ED7D332D9B3D3F7EA /* SourcePreservingMarkdownParser.swift in Sources */,
				7B4F7C038F80749FD0F78CEA /* SwiftMarkdownSemanticParser.swift in Sources */,
				6465D3F4B4F1E6A4AFB269D4 /* TypewriterScroller.swift in Sources */,
				B525EC8064C0BD6AD6C249FA /* Typography.swift in Sources */,
				05D5C8451674A226E9D523FB /* Workspace.swift in Sources */,
				02C93EA5D305801DD36D203F /* WorkspaceContracts.swift in Sources */,
				672903504C43486404095113 /* WorkspaceSetupView.swift in Sources */,
				EAC6D854A8907021FB563180 /* WorkspaceWatcher.swift in Sources */,
			);
			runOnlyForDeploymentPostprocessing = 0;
		};
		EAD41C4BD901406DF763B5B1 /* Sources */ = {
			isa = PBXSourcesBuildPhase;
			buildActionMask = 2147483647;
			files = (
				09041C9D26FB0103FCC39427 /* AppStateTests.swift in Sources */,
				B7D2D3C32DA0AFB3AD54B71B /* ContractTests.swift in Sources */,
				B7004DB966171C7BC7A36B88 /* CrashSafetyTests.swift in Sources */,
				F2D1858C8AFD6DE27EA4A881 /* DataSafetyAuditTests.swift in Sources */,
				B0800159F3EA5A2E15AF8150 /* DataSafetyTests.swift in Sources */,
				A188721902B81E3F856A1AC2 /* ExportIntegrationTests.swift in Sources */,
				639B7B0CC4CE30935B443D4A /* ExportLargeFileTests.swift in Sources */,
				29090F847836C73AC9F002CF /* ExportPresentationTests.swift in Sources */,
				5C1FD83EC584C31AB9C29735 /* ExportRecoveryCatalogTests.swift in Sources */,
				729013C11EF015BD21B455F9 /* ExportRecoveryCheckpointStoreTests.swift in Sources */,
				8F1CC708EE71925510CC322E /* ExportTests.swift in Sources */,
				A06789B427E6989D65245B46 /* FilesystemHardeningTests.swift in Sources */,
				F66284F1172F109E28A6B309 /* FocusDimmerTests.swift in Sources */,
				93E83F01B75FA876E1645B79 /* MarkdownConformanceTests.swift in Sources */,
				21CD26219348D2BA03F66678 /* MarkdownEditingTests.swift in Sources */,
				62B0FB0A41C317E74D91C2C2 /* MarkdownIncrementalTests.swift in Sources */,
				4CA339FBB514DF4232B8123C /* MarkdownParserTests.swift in Sources */,
				EC54C12EA9F17DDEDC32145E /* MarkdownPerformanceTests.swift in Sources */,
				070E32D7009F6D1CA2143235 /* WorkspaceTests.swift in Sources */,
			);
			runOnlyForDeploymentPostprocessing = 0;
		};
/* End PBXSourcesBuildPhase section */

/* Begin PBXTargetDependency section */
		0B1505969BB9BE8395ADBDBB /* PBXTargetDependency */ = {
			isa = PBXTargetDependency;
			target = 9463A50ACA7319BF58C292E5 /* Clio */;
			targetProxy = 380798F0D1D78DDDC5D937E1 /* PBXContainerItemProxy */;
		};
/* End PBXTargetDependency section */

/* Begin XCBuildConfiguration section */
		0FE4B4B673EBBF2AD94ACF78 /* Debug */ = {
			isa = XCBuildConfiguration;
			buildSettings = {
				ALWAYS_SEARCH_USER_PATHS = NO;
				CLANG_ANALYZER_NONNULL = YES;
				CLANG_ANALYZER_NUMBER_OBJECT_CONVERSION = YES_AGGRESSIVE;
				CLANG_CXX_LANGUAGE_STANDARD = "gnu++14";
				CLANG_CXX_LIBRARY = "libc++";
				CLANG_ENABLE_MODULES = YES;
				CLANG_ENABLE_OBJC_ARC = YES;
				CLANG_ENABLE_OBJC_WEAK = YES;
				CLANG_WARN_BLOCK_CAPTURE_AUTORELEASING = YES;
				CLANG_WARN_BOOL_CONVERSION = YES;
				CLANG_WARN_COMMA = YES;
				CLANG_WARN_CONSTANT_CONVERSION = YES;
				CLANG_WARN_DEPRECATED_OBJC_IMPLEMENTATIONS = YES;
				CLANG_WARN_DIRECT_OBJC_ISA_USAGE = YES_ERROR;
				CLANG_WARN_DOCUMENTATION_COMMENTS = YES;
				CLANG_WARN_EMPTY_BODY = YES;
				CLANG_WARN_ENUM_CONVERSION = YES;
				CLANG_WARN_INFINITE_RECURSION = YES;
				CLANG_WARN_INT_CONVERSION = YES;
				CLANG_WARN_NON_LITERAL_NULL_CONVERSION = YES;
				CLANG_WARN_OBJC_IMPLICIT_RETAIN_SELF = YES;
				CLANG_WARN_OBJC_LITERAL_CONVERSION = YES;
				CLANG_WARN_OBJC_ROOT_CLASS = YES_ERROR;
				CLANG_WARN_QUOTED_INCLUDE_IN_FRAMEWORK_HEADER = YES;
				CLANG_WARN_RANGE_LOOP_ANALYSIS = YES;
				CLANG_WARN_STRICT_PROTOTYPES = YES;
				CLANG_WARN_SUSPICIOUS_MOVE = YES;
				CLANG_WARN_UNGUARDED_AVAILABILITY = YES_AGGRESSIVE;
				CLANG_WARN_UNREACHABLE_CODE = YES;
				CLANG_WARN__DUPLICATE_METHOD_MATCH = YES;
				CODE_SIGN_STYLE = Automatic;
				COPY_PHASE_STRIP = NO;
				DEBUG_INFORMATION_FORMAT = dwarf;
				ENABLE_STRICT_OBJC_MSGSEND = YES;
				ENABLE_TESTABILITY = YES;
				ENABLE_USER_SCRIPT_SANDBOXING = YES;
				GCC_C_LANGUAGE_STANDARD = gnu11;
				GCC_DYNAMIC_NO_PIC = NO;
				GCC_NO_COMMON_BLOCKS = YES;
				GCC_OPTIMIZATION_LEVEL = 0;
				GCC_PREPROCESSOR_DEFINITIONS = (
					"$(inherited)",
					"DEBUG=1",
				);
				GCC_WARN_64_TO_32_BIT_CONVERSION = YES;
				GCC_WARN_ABOUT_RETURN_TYPE = YES_ERROR;
				GCC_WARN_UNDECLARED_SELECTOR = YES;
				GCC_WARN_UNINITIALIZED_AUTOS = YES_AGGRESSIVE;
				GCC_WARN_UNUSED_FUNCTION = YES;
				GCC_WARN_UNUSED_VARIABLE = YES;
				MACOSX_DEPLOYMENT_TARGET = 14.0;
				MTL_ENABLE_DEBUG_INFO = INCLUDE_SOURCE;
				MTL_FAST_MATH = YES;
				ONLY_ACTIVE_ARCH = YES;
				PRODUCT_NAME = "$(TARGET_NAME)";
				SDKROOT = macosx;
				SWIFT_ACTIVE_COMPILATION_CONDITIONS = DEBUG;
				SWIFT_OPTIMIZATION_LEVEL = "-Onone";
				SWIFT_VERSION = 5.9;
			};
			name = Debug;
		};
		16208EDC7ECB71FC405EA89B /* Release */ = {
			isa = XCBuildConfiguration;
			buildSettings = {
				ALWAYS_SEARCH_USER_PATHS = NO;
				CLANG_ANALYZER_NONNULL = YES;
				CLANG_ANALYZER_NUMBER_OBJECT_CONVERSION = YES_AGGRESSIVE;
				CLANG_CXX_LANGUAGE_STANDARD = "gnu++14";
				CLANG_CXX_LIBRARY = "libc++";
				CLANG_ENABLE_MODULES = YES;
				CLANG_ENABLE_OBJC_ARC = YES;
				CLANG_ENABLE_OBJC_WEAK = YES;
				CLANG_WARN_BLOCK_CAPTURE_AUTORELEASING = YES;
				CLANG_WARN_BOOL_CONVERSION = YES;
				CLANG_WARN_COMMA = YES;
				CLANG_WARN_CONSTANT_CONVERSION = YES;
				CLANG_WARN_DEPRECATED_OBJC_IMPLEMENTATIONS = YES;
				CLANG_WARN_DIRECT_OBJC_ISA_USAGE = YES_ERROR;
				CLANG_WARN_DOCUMENTATION_COMMENTS = YES;
				CLANG_WARN_EMPTY_BODY = YES;
				CLANG_WARN_ENUM_CONVERSION = YES;
				CLANG_WARN_INFINITE_RECURSION = YES;
				CLANG_WARN_INT_CONVERSION = YES;
				CLANG_WARN_NON_LITERAL_NULL_CONVERSION = YES;
				CLANG_WARN_OBJC_IMPLICIT_RETAIN_SELF = YES;
				CLANG_WARN_OBJC_LITERAL_CONVERSION = YES;
				CLANG_WARN_OBJC_ROOT_CLASS = YES_ERROR;
				CLANG_WARN_QUOTED_INCLUDE_IN_FRAMEWORK_HEADER = YES;
				CLANG_WARN_RANGE_LOOP_ANALYSIS = YES;
				CLANG_WARN_STRICT_PROTOTYPES = YES;
				CLANG_WARN_SUSPICIOUS_MOVE = YES;
				CLANG_WARN_UNGUARDED_AVAILABILITY = YES_AGGRESSIVE;
				CLANG_WARN_UNREACHABLE_CODE = YES;
				CLANG_WARN__DUPLICATE_METHOD_MATCH = YES;
				CODE_SIGN_STYLE = Automatic;
				COPY_PHASE_STRIP = NO;
				DEBUG_INFORMATION_FORMAT = "dwarf-with-dsym";
				ENABLE_NS_ASSERTIONS = NO;
				ENABLE_STRICT_OBJC_MSGSEND = YES;
				ENABLE_USER_SCRIPT_SANDBOXING = YES;
				GCC_C_LANGUAGE_STANDARD = gnu11;
				GCC_NO_COMMON_BLOCKS = YES;
				GCC_WARN_64_TO_32_BIT_CONVERSION = YES;
				GCC_WARN_ABOUT_RETURN_TYPE = YES_ERROR;
				GCC_WARN_UNDECLARED_SELECTOR = YES;
				GCC_WARN_UNINITIALIZED_AUTOS = YES_AGGRESSIVE;
				GCC_WARN_UNUSED_FUNCTION = YES;
				GCC_WARN_UNUSED_VARIABLE = YES;
				MACOSX_DEPLOYMENT_TARGET = 14.0;
				MTL_ENABLE_DEBUG_INFO = NO;
				MTL_FAST_MATH = YES;
				PRODUCT_NAME = "$(TARGET_NAME)";
				SDKROOT = macosx;
				SWIFT_COMPILATION_MODE = wholemodule;
				SWIFT_OPTIMIZATION_LEVEL = "-O";
				SWIFT_VERSION = 5.9;
			};
			name = Release;
		};
		3AD235A5CFE6585108E5688D /* Release */ = {
			isa = XCBuildConfiguration;
			buildSettings = {
				BUNDLE_LOADER = "$(TEST_HOST)";
				COMBINE_HIDPI_IMAGES = YES;
				GENERATE_INFOPLIST_FILE = YES;
				LD_RUNPATH_SEARCH_PATHS = (
					"$(inherited)",
					"@executable_path/../Frameworks",
					"@loader_path/../Frameworks",
				);
				MACOSX_DEPLOYMENT_TARGET = 14.0;
				PRODUCT_BUNDLE_IDENTIFIER = olympus.clio.mac.tests;
				PRODUCT_NAME = ClioTests;
				SDKROOT = macosx;
				TEST_HOST = "$(BUILT_PRODUCTS_DIR)/Clio.app/Contents/MacOS/Clio";
			};
			name = Release;
		};
		653D072F15C3B0641A72C71F /* Debug */ = {
			isa = XCBuildConfiguration;
			buildSettings = {
				ASSETCATALOG_COMPILER_APPICON_NAME = AppIcon;
				CODE_SIGN_ENTITLEMENTS = Clio/Support/Clio.entitlements;
				CODE_SIGN_IDENTITY = "-";
				CODE_SIGN_STYLE = Manual;
				COMBINE_HIDPI_IMAGES = YES;
				CURRENT_PROJECT_VERSION = 1;
				ENABLE_APP_SANDBOX = YES;
				ENABLE_HARDENED_RUNTIME = YES;
				GENERATE_INFOPLIST_FILE = NO;
				INFOPLIST_FILE = Clio/Support/Info.plist;
				LD_RUNPATH_SEARCH_PATHS = "$(inherited) @executable_path/../Frameworks";
				MACOSX_DEPLOYMENT_TARGET = 14.0;
				MARKETING_VERSION = 0.1.0;
				PRODUCT_BUNDLE_IDENTIFIER = olympus.clio.mac;
				PRODUCT_NAME = Clio;
				SDKROOT = macosx;
				SUPPORTS_MACCATALYST = NO;
			};
			name = Debug;
		};
		E7FB1EA51F3BD7DEF207C52E /* Debug */ = {
			isa = XCBuildConfiguration;
			buildSettings = {
				BUNDLE_LOADER = "$(TEST_HOST)";
				CODE_SIGN_IDENTITY = "-";
				CODE_SIGN_STYLE = Manual;
				COMBINE_HIDPI_IMAGES = YES;
				GENERATE_INFOPLIST_FILE = YES;
				LD_RUNPATH_SEARCH_PATHS = (
					"$(inherited)",
					"@executable_path/../Frameworks",
					"@loader_path/../Frameworks",
				);
				MACOSX_DEPLOYMENT_TARGET = 14.0;
				PRODUCT_BUNDLE_IDENTIFIER = olympus.clio.mac.tests;
				PRODUCT_NAME = ClioTests;
				SDKROOT = macosx;
				TEST_HOST = "$(BUILT_PRODUCTS_DIR)/Clio.app/Contents/MacOS/Clio";
			};
			name = Debug;
		};
		EE5F16A0B7112D21CDC84727 /* Release */ = {
			isa = XCBuildConfiguration;
			buildSettings = {
				ASSETCATALOG_COMPILER_APPICON_NAME = AppIcon;
				CODE_SIGN_ENTITLEMENTS = Clio/Support/Clio.entitlements;
				COMBINE_HIDPI_IMAGES = YES;
				CURRENT_PROJECT_VERSION = 1;
				ENABLE_APP_SANDBOX = YES;
				ENABLE_HARDENED_RUNTIME = YES;
				GENERATE_INFOPLIST_FILE = NO;
				INFOPLIST_FILE = Clio/Support/Info.plist;
				LD_RUNPATH_SEARCH_PATHS = "$(inherited) @executable_path/../Frameworks";
				MACOSX_DEPLOYMENT_TARGET = 14.0;
				MARKETING_VERSION = 0.1.0;
				PRODUCT_BUNDLE_IDENTIFIER = olympus.clio.mac;
				PRODUCT_NAME = Clio;
				SDKROOT = macosx;
				SUPPORTS_MACCATALYST = NO;
			};
			name = Release;
		};
/* End XCBuildConfiguration section */

/* Begin XCConfigurationList section */
		491AE8B2B2F472C7F67BB758 /* Build configuration list for PBXProject "Clio" */ = {
			isa = XCConfigurationList;
			buildConfigurations = (
				0FE4B4B673EBBF2AD94ACF78 /* Debug */,
				16208EDC7ECB71FC405EA89B /* Release */,
			);
			defaultConfigurationIsVisible = 0;
			defaultConfigurationName = Debug;
		};
		4DBC9094D10DBA5F67457D64 /* Build configuration list for PBXNativeTarget "ClioTests" */ = {
			isa = XCConfigurationList;
			buildConfigurations = (
				E7FB1EA51F3BD7DEF207C52E /* Debug */,
				3AD235A5CFE6585108E5688D /* Release */,
			);
			defaultConfigurationIsVisible = 0;
			defaultConfigurationName = Debug;
		};
		8FA0609FE167546A547CA038 /* Build configuration list for PBXNativeTarget "Clio" */ = {
			isa = XCConfigurationList;
			buildConfigurations = (
				653D072F15C3B0641A72C71F /* Debug */,
				EE5F16A0B7112D21CDC84727 /* Release */,
			);
			defaultConfigurationIsVisible = 0;
			defaultConfigurationName = Debug;
		};
/* End XCConfigurationList section */

/* Begin XCRemoteSwiftPackageReference section */
		8BD6CB9610201BF5C4374109 /* XCRemoteSwiftPackageReference "swift-cmark" */ = {
			isa = XCRemoteSwiftPackageReference;
			repositoryURL = "https://github.com/swiftlang/swift-cmark.git";
			requirement = {
				kind = revision;
				revision = 924936d0427cb25a61169739a7660230bffa6ea6;
			};
		};
		C19B03DCC487E0985D4D68CE /* XCRemoteSwiftPackageReference "swift-markdown" */ = {
			isa = XCRemoteSwiftPackageReference;
			repositoryURL = "https://github.com/swiftlang/swift-markdown.git";
			requirement = {
				kind = revision;
				revision = 3c6f9523da3a1ec2fd829673e472d95b8097a3b8;
			};
		};
/* End XCRemoteSwiftPackageReference section */

/* Begin XCSwiftPackageProductDependency section */
		C044D4083E6B063E4AC303C9 /* Markdown */ = {
			isa = XCSwiftPackageProductDependency;
			package = C19B03DCC487E0985D4D68CE /* XCRemoteSwiftPackageReference "swift-markdown" */;
			productName = Markdown;
		};
/* End XCSwiftPackageProductDependency section */
	};
	rootObject = 16DB908F10D3CBF83AA6133E /* Project object */;
}
